{
  "nodes": {
    "cachix": {
      "locked": {
        "lastModified": 1636552551,
        "narHash": "sha256-k7Hq/bvUnRlAfFjPGuw3FsSqqspQdRHsCHpgadw6UkQ=",
        "owner": "nixos",
        "repo": "nixpkgs",
        "rev": "9e86f5f7a19db6da2445f07bafa6694b556f9c6d",
        "type": "github"
      },
      "original": {
        "owner": "nixos",
        "ref": "nixos-21.05",
        "repo": "nixpkgs",
        "type": "github"
      }
    },
    "emacs": {
      "locked": {
        "lastModified": 1636655995,
        "narHash": "sha256-YNcBPfR7ZUvqyzvYAoWrCiWeBWvIKua8P+xuEZmzSZw=",
        "owner": "nix-community",
        "repo": "emacs-overlay",
        "rev": "72b8a1e5614b8ab2de30c7d25fa453e55152ac40",
        "type": "github"
      },
      "original": {
        "owner": "nix-community",
        "repo": "emacs-overlay",
        "type": "github"
      }
    },
    "home-manager": {
      "inputs": {
        "nixpkgs": "nixpkgs"
      },
      "locked": {
        "lastModified": 1636520380,
        "narHash": "sha256-gBiQ8+AQG6Dia34rqJDuqs6VFe/J1SjIhOZBeTXCKQI=",
        "owner": "nix-community",
        "repo": "home-manager",
        "rev": "1e5c8e9bff00d0844bc3d25d1a98eab5633e600b",
        "type": "github"
      },
      "original": {
        "owner": "nix-community",
        "repo": "home-manager",
        "type": "github"
      }
    },
    "nixpkgs": {
      "locked": {
        "lastModified": 1636670190,
        "narHash": "sha256-n4GbBPJud280czhOqkJ+ygx2bbhSP70ksg0LVd0o8S8=",
        "owner": "NixOS",
        "repo": "nixpkgs",
        "rev": "9cad36c40accad65c59368c6b9d27b3d99268e41",
        "type": "github"
      },
      "original": {
        "id": "nixpkgs",
        "type": "indirect"
      }
    },
    "nixpkgs-wayland": {
      "inputs": {
        "cachix": "cachix",
        "nixpkgs": "nixpkgs_2"
      },
      "locked": {
        "lastModified": 1636644527,
        "narHash": "sha256-H6jdVmoMsqYiF412/zbp2LByOpZhj8MiK2+voBWOxp4=",
        "owner": "nix-community",
        "repo": "nixpkgs-wayland",
        "rev": "3dca9e251aca05fdfc8f6a10075e5994deae281b",
        "type": "github"
      },
      "original": {
        "owner": "nix-community",
        "repo": "nixpkgs-wayland",
        "type": "github"
      }
    },
    "nixpkgs_2": {
      "locked": {
        "lastModified": 1636443933,
        "narHash": "sha256-ABJmNQdzFWWxaqkb0C0kd9f/MmUtmnQrxm9sZPhgm/s=",
        "owner": "nixos",
        "repo": "nixpkgs",
        "rev": "9e70e9f732fbb15872cb4ea11bd43c14328a0b69",
        "type": "github"
      },
      "original": {
        "owner": "nixos",
        "ref": "nixos-unstable",
        "repo": "nixpkgs",
        "type": "github"
      }
    },
    "root": {
      "inputs": {
        "emacs": "emacs",
        "home-manager": "home-manager",
        "nixpkgs": [
          "unstable"
        ],
        "nixpkgs-wayland": "nixpkgs-wayland",
        "unstable": "unstable"
      }
    },
    "unstable": {
      "locked": {
        "lastModified": 1636443933,
        "narHash": "sha256-ABJmNQdzFWWxaqkb0C0kd9f/MmUtmnQrxm9sZPhgm/s=",
        "owner": "nixos",
        "repo": "nixpkgs",
        "rev": "9e70e9f732fbb15872cb4ea11bd43c14328a0b69",
        "type": "github"
      },
      "original": {
        "owner": "nixos",
        "ref": "nixos-unstable",
        "repo": "nixpkgs",
        "type": "github"
      }
    }
  },
  "root": "root",
  "version": 7
}
